
Microsoft Visual Studio Solution File, Format Version 12.00
# Visual Studio Version 17
VisualStudioVersion = 17.7.34202.233
MinimumVisualStudioVersion = 10.0.40219.1
Project("{FAE04EC0-301F-11D3-BF4B-00C04F79EFBC}") = "LoginSharpWeb", "LoginSharpWeb\LoginSharpWeb.csproj", "{7E5615F7-D83A-4276-AC0E-1FC07C2B43A6}"
EndProject
Global
	GlobalSection(SolutionConfigurationPlatforms) = preSolution
		Debug|Any CPU = Debug|Any CPU
		Release|Any CPU = Release|Any CPU
	EndGlobalSection
	GlobalSection(ProjectConfigurationPlatforms) = postSolution
		{7E5615F7-D83A-4276-AC0E-1FC07C2B43A6}.Debug|Any CPU.ActiveCfg = Debug|Any CPU
		{7E5615F7-D83A-4276-AC0E-1FC07C2B43A6}.Debug|Any CPU.Build.0 = Debug|Any CPU
		{7E5615F7-D83A-4276-AC0E-1FC07C2B43A6}.Release|Any CPU.ActiveCfg = Release|Any CPU
		{7E5615F7-D83A-4276-AC0E-1FC07C2B43A6}.Release|Any CPU.Build.0 = Release|Any CPU
	EndGlobalSection
	GlobalSection(SolutionProperties) = preSolution
		HideSolutionNode = FALSE
	EndGlobalSection
	GlobalSection(ExtensibilityGlobals) = postSolution
		SolutionGuid = {5CB157D4-C9FE-4DA3-8101-31E7B81117F8}
	EndGlobalSection
EndGlobal
