
Microsoft Visual Studio Solution File, Format Version 12.00
# Visual Studio Version 17
VisualStudioVersion = 17.7.34202.233
MinimumVisualStudioVersion = 10.0.40219.1
Project("{FAE04EC0-301F-11D3-BF4B-00C04F79EFBC}") = "WebApplication3", "WebApplication3\WebApplication3.csproj", "{69EBB154-952D-4905-8B99-0D09D07AE767}"
EndProject
Project("{FAE04EC0-301F-11D3-BF4B-00C04F79EFBC}") = "LoginCharp", "..\LoginCharp\LoginCharp\LoginCharp.csproj", "{5F699084-3A6A-43AB-B43C-5BCFB8EA32BF}"
EndProject
Global
	GlobalSection(SolutionConfigurationPlatforms) = preSolution
		Debug|Any CPU = Debug|Any CPU
		Release|Any CPU = Release|Any CPU
	EndGlobalSection
	GlobalSection(ProjectConfigurationPlatforms) = postSolution
		{69EBB154-952D-4905-8B99-0D09D07AE767}.Debug|Any CPU.ActiveCfg = Debug|Any CPU
		{69EBB154-952D-4905-8B99-0D09D07AE767}.Debug|Any CPU.Build.0 = Debug|Any CPU
		{69EBB154-952D-4905-8B99-0D09D07AE767}.Release|Any CPU.ActiveCfg = Release|Any CPU
		{69EBB154-952D-4905-8B99-0D09D07AE767}.Release|Any CPU.Build.0 = Release|Any CPU
		{5F699084-3A6A-43AB-B43C-5BCFB8EA32BF}.Debug|Any CPU.ActiveCfg = Debug|Any CPU
		{5F699084-3A6A-43AB-B43C-5BCFB8EA32BF}.Debug|Any CPU.Build.0 = Debug|Any CPU
		{5F699084-3A6A-43AB-B43C-5BCFB8EA32BF}.Release|Any CPU.ActiveCfg = Release|Any CPU
		{5F699084-3A6A-43AB-B43C-5BCFB8EA32BF}.Release|Any CPU.Build.0 = Release|Any CPU
	EndGlobalSection
	GlobalSection(SolutionProperties) = preSolution
		HideSolutionNode = FALSE
	EndGlobalSection
	GlobalSection(ExtensibilityGlobals) = postSolution
		SolutionGuid = {A1AF857C-B292-4239-B47F-3DED3FB93C40}
	EndGlobalSection
EndGlobal
